
Microsoft Visual Studio Solution File, Format Version 12.00
# Visual Studio Version 16
VisualStudioVersion = 16.0.30114.105
MinimumVisualStudioVersion = 10.0.40219.1
Project("{FAE04EC0-301F-11D3-BF4B-00C04F79EFBC}") = "API", "API\API.csproj", "{91EC4C86-EDF1-4C21-A846-AB1D67C43D57}"
EndProject
Global
	GlobalSection(SolutionConfigurationPlatforms) = preSolution
		Debug|Any CPU = Debug|Any CPU
		Release|Any CPU = Release|Any CPU
	EndGlobalSection
	GlobalSection(SolutionProperties) = preSolution
		HideSolutionNode = FALSE
	EndGlobalSection
	GlobalSection(ProjectConfigurationPlatforms) = postSolution
		{91EC4C86-EDF1-4C21-A846-AB1D67C43D57}.Debug|Any CPU.ActiveCfg = Debug|Any CPU
		{91EC4C86-EDF1-4C21-A846-AB1D67C43D57}.Debug|Any CPU.Build.0 = Debug|Any CPU
		{91EC4C86-EDF1-4C21-A846-AB1D67C43D57}.Release|Any CPU.ActiveCfg = Release|Any CPU
		{91EC4C86-EDF1-4C21-A846-AB1D67C43D57}.Release|Any CPU.Build.0 = Release|Any CPU
	EndGlobalSection
EndGlobal
